Microsoft Visual Studio Solution File, Format Version 9.00
# Visual Studio 2005
Project("{8BC9CEB8-8B4A-11D0-8D11-00A0C91BC942}") = "ApacheModuleParser3", "src\targets\apache13\ApacheModuleParser3.vcproj", "{61FD304C-2949-4400-845F-0B27CD088547}"
	ProjectSection(ProjectDependencies) = postProject
		{AE697E13-B86D-4408-B76D-EC54D2BEEFE0} = {AE697E13-B86D-4408-B76D-EC54D2BEEFE0}
		{09C0531B-9B8F-443A-A16B-BD9134712613} = {09C0531B-9B8F-443A-A16B-BD9134712613}
		{B79D9D3D-DFD7-4D48-91AA-484378D5E76C} = {B79D9D3D-DFD7-4D48-91AA-484378D5E76C}
		{5D154949-EC1E-493E-A833-428820CBBEF9} = {5D154949-EC1E-493E-A833-428820CBBEF9}
		{EB565D67-9950-4F5E-926F-63DAC8F7F314} = {EB565D67-9950-4F5E-926F-63DAC8F7F314}
		{650C3584-6F31-4CDE-9A4E-42BAAD4EA88E} = {650C3584-6F31-4CDE-9A4E-42BAAD4EA88E}
		{B95DF5BC-85D8-4B4C-AF72-113B99592D38} = {B95DF5BC-85D8-4B4C-AF72-113B99592D38}
		{74F38AE8-E0CF-4684-B4EA-B0555F0B30AE} = {74F38AE8-E0CF-4684-B4EA-B0555F0B30AE}
		{CB915CEB-DC1A-40F6-9CA9-3B5212C0497D} = {CB915CEB-DC1A-40F6-9CA9-3B5212C0497D}
		{9B5091F7-0ED5-4E5A-ABAF-430ED79D231A} = {9B5091F7-0ED5-4E5A-ABAF-430ED79D231A}
	EndProjectSection
EndProject
Project("{8BC9CEB8-8B4A-11D0-8D11-00A0C91BC942}") = "ApacheModuleParser3Core", "src\targets\APACHE13CORE\ApacheModuleParser3Core.vcproj", "{CB915CEB-DC1A-40F6-9CA9-3B5212C0497D}"
EndProject
Project("{8BC9CEB8-8B4A-11D0-8D11-00A0C91BC942}") = "classes", "src\classes\classes.vcproj", "{B79D9D3D-DFD7-4D48-91AA-484378D5E76C}"
EndProject
Project("{8BC9CEB8-8B4A-11D0-8D11-00A0C91BC942}") = "cord", "src\lib\cord\cord.vcproj", "{74F38AE8-E0CF-4684-B4EA-B0555F0B30AE}"
EndProject
Project("{8BC9CEB8-8B4A-11D0-8D11-00A0C91BC942}") = "gnu", "gnu.vcproj", "{02438934-FA19-49DC-B5D1-2E9BA1CD0159}"
EndProject
Project("{8BC9CEB8-8B4A-11D0-8D11-00A0C91BC942}") = "ltdl", "src\lib\ltdl\ltdl.vcproj", "{EB565D67-9950-4F5E-926F-63DAC8F7F314}"
EndProject
Project("{8BC9CEB8-8B4A-11D0-8D11-00A0C91BC942}") = "main", "src\main\main.vcproj", "{650C3584-6F31-4CDE-9A4E-42BAAD4EA88E}"
EndProject
Project("{8BC9CEB8-8B4A-11D0-8D11-00A0C91BC942}") = "md5", "src\lib\md5\md5.vcproj", "{2FBFAD1C-76EE-4EA4-82B5-204B2671A05D}"
EndProject
Project("{8BC9CEB8-8B4A-11D0-8D11-00A0C91BC942}") = "parser3", "src\targets\cgi\parser3.vcproj", "{33B3FF55-1BB6-4F22-A448-04065AC10AFB}"
	ProjectSection(ProjectDependencies) = postProject
		{AE697E13-B86D-4408-B76D-EC54D2BEEFE0} = {AE697E13-B86D-4408-B76D-EC54D2BEEFE0}
		{09C0531B-9B8F-443A-A16B-BD9134712613} = {09C0531B-9B8F-443A-A16B-BD9134712613}
		{2FBFAD1C-76EE-4EA4-82B5-204B2671A05D} = {2FBFAD1C-76EE-4EA4-82B5-204B2671A05D}
		{B79D9D3D-DFD7-4D48-91AA-484378D5E76C} = {B79D9D3D-DFD7-4D48-91AA-484378D5E76C}
		{5D154949-EC1E-493E-A833-428820CBBEF9} = {5D154949-EC1E-493E-A833-428820CBBEF9}
		{EB565D67-9950-4F5E-926F-63DAC8F7F314} = {EB565D67-9950-4F5E-926F-63DAC8F7F314}
		{650C3584-6F31-4CDE-9A4E-42BAAD4EA88E} = {650C3584-6F31-4CDE-9A4E-42BAAD4EA88E}
		{B95DF5BC-85D8-4B4C-AF72-113B99592D38} = {B95DF5BC-85D8-4B4C-AF72-113B99592D38}
		{74F38AE8-E0CF-4684-B4EA-B0555F0B30AE} = {74F38AE8-E0CF-4684-B4EA-B0555F0B30AE}
		{9B5091F7-0ED5-4E5A-ABAF-430ED79D231A} = {9B5091F7-0ED5-4E5A-ABAF-430ED79D231A}
	EndProjectSection
EndProject
Project("{8BC9CEB8-8B4A-11D0-8D11-00A0C91BC942}") = "parser3isapi", "src\targets\isapi\parser3isapi.vcproj", "{2E7BF3D9-C58C-4808-B786-494E7C5F9FE2}"
	ProjectSection(ProjectDependencies) = postProject
		{AE697E13-B86D-4408-B76D-EC54D2BEEFE0} = {AE697E13-B86D-4408-B76D-EC54D2BEEFE0}
		{09C0531B-9B8F-443A-A16B-BD9134712613} = {09C0531B-9B8F-443A-A16B-BD9134712613}
		{2FBFAD1C-76EE-4EA4-82B5-204B2671A05D} = {2FBFAD1C-76EE-4EA4-82B5-204B2671A05D}
		{B79D9D3D-DFD7-4D48-91AA-484378D5E76C} = {B79D9D3D-DFD7-4D48-91AA-484378D5E76C}
		{5D154949-EC1E-493E-A833-428820CBBEF9} = {5D154949-EC1E-493E-A833-428820CBBEF9}
		{EB565D67-9950-4F5E-926F-63DAC8F7F314} = {EB565D67-9950-4F5E-926F-63DAC8F7F314}
		{650C3584-6F31-4CDE-9A4E-42BAAD4EA88E} = {650C3584-6F31-4CDE-9A4E-42BAAD4EA88E}
		{B95DF5BC-85D8-4B4C-AF72-113B99592D38} = {B95DF5BC-85D8-4B4C-AF72-113B99592D38}
		{74F38AE8-E0CF-4684-B4EA-B0555F0B30AE} = {74F38AE8-E0CF-4684-B4EA-B0555F0B30AE}
		{9B5091F7-0ED5-4E5A-ABAF-430ED79D231A} = {9B5091F7-0ED5-4E5A-ABAF-430ED79D231A}
	EndProjectSection
EndProject
Project("{8BC9CEB8-8B4A-11D0-8D11-00A0C91BC942}") = "pcre", "src\lib\pcre\pcre.vcproj", "{5D154949-EC1E-493E-A833-428820CBBEF9}"
	ProjectSection(ProjectDependencies) = postProject
		{CD17E949-E497-4F68-B122-0EFF61646B89} = {CD17E949-E497-4F68-B122-0EFF61646B89}
	EndProjectSection
EndProject
Project("{8BC9CEB8-8B4A-11D0-8D11-00A0C91BC942}") = "pcre_ctype", "src\lib\pcre\pcre_parser_ctype.vcproj", "{AF84C088-A910-4375-A2D6-61D93238F78C}"
EndProject
Project("{8BC9CEB8-8B4A-11D0-8D11-00A0C91BC942}") = "pcre_dftables", "src\lib\pcre\pcre_dftables.vcproj", "{CD17E949-E497-4F68-B122-0EFF61646B89}"
EndProject
Project("{8BC9CEB8-8B4A-11D0-8D11-00A0C91BC942}") = "types", "src\types\types.vcproj", "{09C0531B-9B8F-443A-A16B-BD9134712613}"
EndProject
Project("{8BC9CEB8-8B4A-11D0-8D11-00A0C91BC942}") = "sdbm", "src\lib\sdbm\sdbm.vcproj", "{AE697E13-B86D-4408-B76D-EC54D2BEEFE0}"
EndProject
Project("{8BC9CEB8-8B4A-11D0-8D11-00A0C91BC942}") = "gd", "src\lib\gd\gd.vcproj", "{B95DF5BC-85D8-4B4C-AF72-113B99592D38}"
EndProject
Project("{8BC9CEB8-8B4A-11D0-8D11-00A0C91BC942}") = "smtp", "src\lib\smtp\smtp.vcproj", "{9B5091F7-0ED5-4E5A-ABAF-430ED79D231A}"
EndProject
Project("{2150E333-8FDC-42A3-9474-1A3956D46DE8}") = "Solution Items", "Solution Items", "{C4576300-95FD-4B59-816E-18641E761092}"
EndProject
Global
	GlobalSection(SolutionConfigurationPlatforms) = preSolution
		Debug|Win32 = Debug|Win32
		Profile Debug|Win32 = Profile Debug|Win32
		Profile Release|Win32 = Profile Release|Win32
		Release|Win32 = Release|Win32
	EndGlobalSection
	GlobalSection(ProjectConfigurationPlatforms) = postSolution
		{61FD304C-2949-4400-845F-0B27CD088547}.Debug|Win32.ActiveCfg = Debug|Win32
		{61FD304C-2949-4400-845F-0B27CD088547}.Profile Debug|Win32.ActiveCfg = Debug|Win32
		{61FD304C-2949-4400-845F-0B27CD088547}.Profile Debug|Win32.Build.0 = Debug|Win32
		{61FD304C-2949-4400-845F-0B27CD088547}.Profile Release|Win32.ActiveCfg = Release|Win32
		{61FD304C-2949-4400-845F-0B27CD088547}.Profile Release|Win32.Build.0 = Release|Win32
		{61FD304C-2949-4400-845F-0B27CD088547}.Release|Win32.ActiveCfg = Release|Win32
		{CB915CEB-DC1A-40F6-9CA9-3B5212C0497D}.Debug|Win32.ActiveCfg = Debug|Win32
		{CB915CEB-DC1A-40F6-9CA9-3B5212C0497D}.Profile Debug|Win32.ActiveCfg = Debug|Win32
		{CB915CEB-DC1A-40F6-9CA9-3B5212C0497D}.Profile Debug|Win32.Build.0 = Debug|Win32
		{CB915CEB-DC1A-40F6-9CA9-3B5212C0497D}.Profile Release|Win32.ActiveCfg = Release|Win32
		{CB915CEB-DC1A-40F6-9CA9-3B5212C0497D}.Profile Release|Win32.Build.0 = Release|Win32
		{CB915CEB-DC1A-40F6-9CA9-3B5212C0497D}.Release|Win32.ActiveCfg = Release|Win32
		{B79D9D3D-DFD7-4D48-91AA-484378D5E76C}.Debug|Win32.ActiveCfg = Debug|Win32
		{B79D9D3D-DFD7-4D48-91AA-484378D5E76C}.Debug|Win32.Build.0 = Debug|Win32
		{B79D9D3D-DFD7-4D48-91AA-484378D5E76C}.Profile Debug|Win32.ActiveCfg = Debug|Win32
		{B79D9D3D-DFD7-4D48-91AA-484378D5E76C}.Profile Debug|Win32.Build.0 = Debug|Win32
		{B79D9D3D-DFD7-4D48-91AA-484378D5E76C}.Profile Release|Win32.ActiveCfg = Release|Win32
		{B79D9D3D-DFD7-4D48-91AA-484378D5E76C}.Profile Release|Win32.Build.0 = Release|Win32
		{B79D9D3D-DFD7-4D48-91AA-484378D5E76C}.Release|Win32.ActiveCfg = Release|Win32
		{B79D9D3D-DFD7-4D48-91AA-484378D5E76C}.Release|Win32.Build.0 = Release|Win32
		{74F38AE8-E0CF-4684-B4EA-B0555F0B30AE}.Debug|Win32.ActiveCfg = Debug|Win32
		{74F38AE8-E0CF-4684-B4EA-B0555F0B30AE}.Debug|Win32.Build.0 = Debug|Win32
		{74F38AE8-E0CF-4684-B4EA-B0555F0B30AE}.Profile Debug|Win32.ActiveCfg = Profile Debug|Win32
		{74F38AE8-E0CF-4684-B4EA-B0555F0B30AE}.Profile Debug|Win32.Build.0 = Profile Debug|Win32
		{74F38AE8-E0CF-4684-B4EA-B0555F0B30AE}.Profile Release|Win32.ActiveCfg = Profile Release|Win32
		{74F38AE8-E0CF-4684-B4EA-B0555F0B30AE}.Profile Release|Win32.Build.0 = Profile Release|Win32
		{74F38AE8-E0CF-4684-B4EA-B0555F0B30AE}.Release|Win32.ActiveCfg = Release|Win32
		{74F38AE8-E0CF-4684-B4EA-B0555F0B30AE}.Release|Win32.Build.0 = Release|Win32
		{02438934-FA19-49DC-B5D1-2E9BA1CD0159}.Debug|Win32.ActiveCfg = Debug|Win32
		{02438934-FA19-49DC-B5D1-2E9BA1CD0159}.Profile Debug|Win32.ActiveCfg = Debug|Win32
		{02438934-FA19-49DC-B5D1-2E9BA1CD0159}.Profile Release|Win32.ActiveCfg = Release|Win32
		{02438934-FA19-49DC-B5D1-2E9BA1CD0159}.Release|Win32.ActiveCfg = Release|Win32
		{02438934-FA19-49DC-B5D1-2E9BA1CD0159}.Release|Win32.Build.0 = Release|Win32
		{EB565D67-9950-4F5E-926F-63DAC8F7F314}.Debug|Win32.ActiveCfg = Debug|Win32
		{EB565D67-9950-4F5E-926F-63DAC8F7F314}.Debug|Win32.Build.0 = Debug|Win32
		{EB565D67-9950-4F5E-926F-63DAC8F7F314}.Profile Debug|Win32.ActiveCfg = Profile Debug|Win32
		{EB565D67-9950-4F5E-926F-63DAC8F7F314}.Profile Debug|Win32.Build.0 = Profile Debug|Win32
		{EB565D67-9950-4F5E-926F-63DAC8F7F314}.Profile Release|Win32.ActiveCfg = Profile Release|Win32
		{EB565D67-9950-4F5E-926F-63DAC8F7F314}.Profile Release|Win32.Build.0 = Profile Release|Win32
		{EB565D67-9950-4F5E-926F-63DAC8F7F314}.Release|Win32.ActiveCfg = Release|Win32
		{EB565D67-9950-4F5E-926F-63DAC8F7F314}.Release|Win32.Build.0 = Release|Win32
		{650C3584-6F31-4CDE-9A4E-42BAAD4EA88E}.Debug|Win32.ActiveCfg = Debug|Win32
		{650C3584-6F31-4CDE-9A4E-42BAAD4EA88E}.Debug|Win32.Build.0 = Debug|Win32
		{650C3584-6F31-4CDE-9A4E-42BAAD4EA88E}.Profile Debug|Win32.ActiveCfg = Debug|Win32
		{650C3584-6F31-4CDE-9A4E-42BAAD4EA88E}.Profile Debug|Win32.Build.0 = Debug|Win32
		{650C3584-6F31-4CDE-9A4E-42BAAD4EA88E}.Profile Release|Win32.ActiveCfg = Release|Win32
		{650C3584-6F31-4CDE-9A4E-42BAAD4EA88E}.Profile Release|Win32.Build.0 = Release|Win32
		{650C3584-6F31-4CDE-9A4E-42BAAD4EA88E}.Release|Win32.ActiveCfg = Release|Win32
		{650C3584-6F31-4CDE-9A4E-42BAAD4EA88E}.Release|Win32.Build.0 = Release|Win32
		{2FBFAD1C-76EE-4EA4-82B5-204B2671A05D}.Debug|Win32.ActiveCfg = Debug|Win32
		{2FBFAD1C-76EE-4EA4-82B5-204B2671A05D}.Debug|Win32.Build.0 = Debug|Win32
		{2FBFAD1C-76EE-4EA4-82B5-204B2671A05D}.Profile Debug|Win32.ActiveCfg = Profile Debug|Win32
		{2FBFAD1C-76EE-4EA4-82B5-204B2671A05D}.Profile Debug|Win32.Build.0 = Profile Debug|Win32
		{2FBFAD1C-76EE-4EA4-82B5-204B2671A05D}.Profile Release|Win32.ActiveCfg = Profile Release|Win32
		{2FBFAD1C-76EE-4EA4-82B5-204B2671A05D}.Profile Release|Win32.Build.0 = Profile Release|Win32
		{2FBFAD1C-76EE-4EA4-82B5-204B2671A05D}.Release|Win32.ActiveCfg = Release|Win32
		{2FBFAD1C-76EE-4EA4-82B5-204B2671A05D}.Release|Win32.Build.0 = Release|Win32
		{33B3FF55-1BB6-4F22-A448-04065AC10AFB}.Debug|Win32.ActiveCfg = Debug|Win32
		{33B3FF55-1BB6-4F22-A448-04065AC10AFB}.Debug|Win32.Build.0 = Debug|Win32
		{33B3FF55-1BB6-4F22-A448-04065AC10AFB}.Profile Debug|Win32.ActiveCfg = Debug|Win32
		{33B3FF55-1BB6-4F22-A448-04065AC10AFB}.Profile Debug|Win32.Build.0 = Debug|Win32
		{33B3FF55-1BB6-4F22-A448-04065AC10AFB}.Profile Release|Win32.ActiveCfg = Release|Win32
		{33B3FF55-1BB6-4F22-A448-04065AC10AFB}.Profile Release|Win32.Build.0 = Release|Win32
		{33B3FF55-1BB6-4F22-A448-04065AC10AFB}.Release|Win32.ActiveCfg = Release|Win32
		{33B3FF55-1BB6-4F22-A448-04065AC10AFB}.Release|Win32.Build.0 = Release|Win32
		{2E7BF3D9-C58C-4808-B786-494E7C5F9FE2}.Debug|Win32.ActiveCfg = Debug|Win32
		{2E7BF3D9-C58C-4808-B786-494E7C5F9FE2}.Profile Debug|Win32.ActiveCfg = Debug|Win32
		{2E7BF3D9-C58C-4808-B786-494E7C5F9FE2}.Profile Debug|Win32.Build.0 = Debug|Win32
		{2E7BF3D9-C58C-4808-B786-494E7C5F9FE2}.Profile Release|Win32.ActiveCfg = Release|Win32
		{2E7BF3D9-C58C-4808-B786-494E7C5F9FE2}.Profile Release|Win32.Build.0 = Release|Win32
		{2E7BF3D9-C58C-4808-B786-494E7C5F9FE2}.Release|Win32.ActiveCfg = Release|Win32
		{5D154949-EC1E-493E-A833-428820CBBEF9}.Debug|Win32.ActiveCfg = Debug|Win32
		{5D154949-EC1E-493E-A833-428820CBBEF9}.Debug|Win32.Build.0 = Debug|Win32
		{5D154949-EC1E-493E-A833-428820CBBEF9}.Profile Debug|Win32.ActiveCfg = Profile Debug|Win32
		{5D154949-EC1E-493E-A833-428820CBBEF9}.Profile Debug|Win32.Build.0 = Profile Debug|Win32
		{5D154949-EC1E-493E-A833-428820CBBEF9}.Profile Release|Win32.ActiveCfg = Profile Release|Win32
		{5D154949-EC1E-493E-A833-428820CBBEF9}.Profile Release|Win32.Build.0 = Profile Release|Win32
		{5D154949-EC1E-493E-A833-428820CBBEF9}.Release|Win32.ActiveCfg = Release|Win32
		{5D154949-EC1E-493E-A833-428820CBBEF9}.Release|Win32.Build.0 = Release|Win32
		{AF84C088-A910-4375-A2D6-61D93238F78C}.Debug|Win32.ActiveCfg = Debug|Win32
		{AF84C088-A910-4375-A2D6-61D93238F78C}.Profile Debug|Win32.ActiveCfg = Debug|Win32
		{AF84C088-A910-4375-A2D6-61D93238F78C}.Profile Debug|Win32.Build.0 = Debug|Win32
		{AF84C088-A910-4375-A2D6-61D93238F78C}.Profile Release|Win32.ActiveCfg = Release|Win32
		{AF84C088-A910-4375-A2D6-61D93238F78C}.Profile Release|Win32.Build.0 = Release|Win32
		{AF84C088-A910-4375-A2D6-61D93238F78C}.Release|Win32.ActiveCfg = Release|Win32
		{AF84C088-A910-4375-A2D6-61D93238F78C}.Release|Win32.Build.0 = Release|Win32
		{CD17E949-E497-4F68-B122-0EFF61646B89}.Debug|Win32.ActiveCfg = Debug|Win32
		{CD17E949-E497-4F68-B122-0EFF61646B89}.Debug|Win32.Build.0 = Debug|Win32
		{CD17E949-E497-4F68-B122-0EFF61646B89}.Profile Debug|Win32.ActiveCfg = Debug|Win32
		{CD17E949-E497-4F68-B122-0EFF61646B89}.Profile Debug|Win32.Build.0 = Debug|Win32
		{CD17E949-E497-4F68-B122-0EFF61646B89}.Profile Release|Win32.ActiveCfg = Release|Win32
		{CD17E949-E497-4F68-B122-0EFF61646B89}.Profile Release|Win32.Build.0 = Release|Win32
		{CD17E949-E497-4F68-B122-0EFF61646B89}.Release|Win32.ActiveCfg = Release|Win32
		{CD17E949-E497-4F68-B122-0EFF61646B89}.Release|Win32.Build.0 = Release|Win32
		{09C0531B-9B8F-443A-A16B-BD9134712613}.Debug|Win32.ActiveCfg = Debug|Win32
		{09C0531B-9B8F-443A-A16B-BD9134712613}.Debug|Win32.Build.0 = Debug|Win32
		{09C0531B-9B8F-443A-A16B-BD9134712613}.Profile Debug|Win32.ActiveCfg = Debug|Win32
		{09C0531B-9B8F-443A-A16B-BD9134712613}.Profile Debug|Win32.Build.0 = Debug|Win32
		{09C0531B-9B8F-443A-A16B-BD9134712613}.Profile Release|Win32.ActiveCfg = Release|Win32
		{09C0531B-9B8F-443A-A16B-BD9134712613}.Profile Release|Win32.Build.0 = Release|Win32
		{09C0531B-9B8F-443A-A16B-BD9134712613}.Release|Win32.ActiveCfg = Release|Win32
		{09C0531B-9B8F-443A-A16B-BD9134712613}.Release|Win32.Build.0 = Release|Win32
		{AE697E13-B86D-4408-B76D-EC54D2BEEFE0}.Debug|Win32.ActiveCfg = Debug|Win32
		{AE697E13-B86D-4408-B76D-EC54D2BEEFE0}.Debug|Win32.Build.0 = Debug|Win32
		{AE697E13-B86D-4408-B76D-EC54D2BEEFE0}.Profile Debug|Win32.ActiveCfg = Debug|Win32
		{AE697E13-B86D-4408-B76D-EC54D2BEEFE0}.Profile Debug|Win32.Build.0 = Debug|Win32
		{AE697E13-B86D-4408-B76D-EC54D2BEEFE0}.Profile Release|Win32.ActiveCfg = Release|Win32
		{AE697E13-B86D-4408-B76D-EC54D2BEEFE0}.Profile Release|Win32.Build.0 = Release|Win32
		{AE697E13-B86D-4408-B76D-EC54D2BEEFE0}.Release|Win32.ActiveCfg = Release|Win32
		{AE697E13-B86D-4408-B76D-EC54D2BEEFE0}.Release|Win32.Build.0 = Release|Win32
		{B95DF5BC-85D8-4B4C-AF72-113B99592D38}.Debug|Win32.ActiveCfg = Debug|Win32
		{B95DF5BC-85D8-4B4C-AF72-113B99592D38}.Debug|Win32.Build.0 = Debug|Win32
		{B95DF5BC-85D8-4B4C-AF72-113B99592D38}.Profile Debug|Win32.ActiveCfg = Debug|Win32
		{B95DF5BC-85D8-4B4C-AF72-113B99592D38}.Profile Debug|Win32.Build.0 = Debug|Win32
		{B95DF5BC-85D8-4B4C-AF72-113B99592D38}.Profile Release|Win32.ActiveCfg = Release|Win32
		{B95DF5BC-85D8-4B4C-AF72-113B99592D38}.Profile Release|Win32.Build.0 = Release|Win32
		{B95DF5BC-85D8-4B4C-AF72-113B99592D38}.Release|Win32.ActiveCfg = Release|Win32
		{B95DF5BC-85D8-4B4C-AF72-113B99592D38}.Release|Win32.Build.0 = Release|Win32
		{9B5091F7-0ED5-4E5A-ABAF-430ED79D231A}.Debug|Win32.ActiveCfg = Debug|Win32
		{9B5091F7-0ED5-4E5A-ABAF-430ED79D231A}.Debug|Win32.Build.0 = Debug|Win32
		{9B5091F7-0ED5-4E5A-ABAF-430ED79D231A}.Profile Debug|Win32.ActiveCfg = Debug|Win32
		{9B5091F7-0ED5-4E5A-ABAF-430ED79D231A}.Profile Debug|Win32.Build.0 = Debug|Win32
		{9B5091F7-0ED5-4E5A-ABAF-430ED79D231A}.Profile Release|Win32.ActiveCfg = Release|Win32
		{9B5091F7-0ED5-4E5A-ABAF-430ED79D231A}.Profile Release|Win32.Build.0 = Release|Win32
		{9B5091F7-0ED5-4E5A-ABAF-430ED79D231A}.Release|Win32.ActiveCfg = Release|Win32
		{9B5091F7-0ED5-4E5A-ABAF-430ED79D231A}.Release|Win32.Build.0 = Release|Win32
	EndGlobalSection
	GlobalSection(SolutionProperties) = preSolution
		HideSolutionNode = FALSE
	EndGlobalSection
EndGlobal
