Microsoft Visual Studio Solution File, Format Version 8.00
Project("{8BC9CEB8-8B4A-11D0-8D11-00A0C91BC942}") = "parser3", "src\targets\cgi\parser3.vcproj", "{33B3FF55-1BB6-4F22-A448-04065AC10AFB}"
	ProjectSection(ProjectDependencies) = postProject
		{AE697E13-B86D-4408-B76D-EC54D2BEEFE0} = {AE697E13-B86D-4408-B76D-EC54D2BEEFE0}
		{09C0531B-9B8F-443A-A16B-BD9134712613} = {09C0531B-9B8F-443A-A16B-BD9134712613}
		{2FBFAD1C-76EE-4EA4-82B5-204B2671A05D} = {2FBFAD1C-76EE-4EA4-82B5-204B2671A05D}
		{5F0D9CDB-E876-11E4-A90D-001D7DE6219A} = {5F0D9CDB-E876-11E4-A90D-001D7DE6219A}
		{21593B27-7994-49DC-A4A7-993DD8849862} = {21593B27-7994-49DC-A4A7-993DD8849862}
		{B79D9D3D-DFD7-4D48-91AA-484378D5E76C} = {B79D9D3D-DFD7-4D48-91AA-484378D5E76C}
		{EB565D67-9950-4F5E-926F-63DAC8F7F314} = {EB565D67-9950-4F5E-926F-63DAC8F7F314}
		{650C3584-6F31-4CDE-9A4E-42BAAD4EA88E} = {650C3584-6F31-4CDE-9A4E-42BAAD4EA88E}
		{B95DF5BC-85D8-4B4C-AF72-113B99592D38} = {B95DF5BC-85D8-4B4C-AF72-113B99592D38}
		{71C9E3C6-47E8-4CB2-AF6F-784A49F5ABFD} = {71C9E3C6-47E8-4CB2-AF6F-784A49F5ABFD}
		{74F38AE8-E0CF-4684-B4EA-B0555F0B30AE} = {74F38AE8-E0CF-4684-B4EA-B0555F0B30AE}
		{9B5091F7-0ED5-4E5A-ABAF-430ED79D231A} = {9B5091F7-0ED5-4E5A-ABAF-430ED79D231A}
		{019EA036-519E-11E4-A984-001D7DE6219A} = {019EA036-519E-11E4-A984-001D7DE6219A}
	EndProjectSection
EndProject
Project("{8BC9CEB8-8B4A-11D0-8D11-00A0C91BC942}") = "ApacheModuleParser3", "src\targets\apache\ApacheModuleParser3.vcproj", "{61FD304C-2949-4400-845F-0B27CD088547}"
	ProjectSection(ProjectDependencies) = postProject
		{AE697E13-B86D-4408-B76D-EC54D2BEEFE0} = {AE697E13-B86D-4408-B76D-EC54D2BEEFE0}
		{09C0531B-9B8F-443A-A16B-BD9134712613} = {09C0531B-9B8F-443A-A16B-BD9134712613}
		{21593B27-7994-49DC-A4A7-993DD8849862} = {21593B27-7994-49DC-A4A7-993DD8849862}
		{B79D9D3D-DFD7-4D48-91AA-484378D5E76C} = {B79D9D3D-DFD7-4D48-91AA-484378D5E76C}
		{EB565D67-9950-4F5E-926F-63DAC8F7F314} = {EB565D67-9950-4F5E-926F-63DAC8F7F314}
		{650C3584-6F31-4CDE-9A4E-42BAAD4EA88E} = {650C3584-6F31-4CDE-9A4E-42BAAD4EA88E}
		{B95DF5BC-85D8-4B4C-AF72-113B99592D38} = {B95DF5BC-85D8-4B4C-AF72-113B99592D38}
		{71C9E3C6-47E8-4CB2-AF6F-784A49F5ABFD} = {71C9E3C6-47E8-4CB2-AF6F-784A49F5ABFD}
		{74F38AE8-E0CF-4684-B4EA-B0555F0B30AE} = {74F38AE8-E0CF-4684-B4EA-B0555F0B30AE}
		{CB915CEB-DC1A-40F6-9CA9-3B5212C0497D} = {CB915CEB-DC1A-40F6-9CA9-3B5212C0497D}
		{9B5091F7-0ED5-4E5A-ABAF-430ED79D231A} = {9B5091F7-0ED5-4E5A-ABAF-430ED79D231A}
		{2FBFAD1C-76EE-4EA4-82B5-204B2671A05D} = {2FBFAD1C-76EE-4EA4-82B5-204B2671A05D}
		{5F0D9CDB-E876-11E4-A90D-001D7DE6219A} = {5F0D9CDB-E876-11E4-A90D-001D7DE6219A}
		{CB915CEB-DC1A-40F6-9CA9-3B5212C0497D} = {CB915CEB-DC1A-40F6-9CA9-3B5212C0497D}
		{019EA036-519E-11E4-A984-001D7DE6219A} = {019EA036-519E-11E4-A984-001D7DE6219A}
	EndProjectSection
EndProject
Project("{8BC9CEB8-8B4A-11D0-8D11-00A0C91BC942}") = "ApacheModuleParser3Core", "src\targets\apache\ApacheModuleParser3Core.vcproj", "{CB915CEB-DC1A-40F6-9CA9-3B5212C0497D}"
	ProjectSection(ProjectDependencies) = postProject
	EndProjectSection
EndProject
Project("{8BC9CEB8-8B4A-11D0-8D11-00A0C91BC942}") = "classes", "src\classes\classes.vcproj", "{B79D9D3D-DFD7-4D48-91AA-484378D5E76C}"
	ProjectSection(ProjectDependencies) = postProject
	EndProjectSection
EndProject
Project("{8BC9CEB8-8B4A-11D0-8D11-00A0C91BC942}") = "cord", "src\lib\cord\cord.vcproj", "{74F38AE8-E0CF-4684-B4EA-B0555F0B30AE}"
	ProjectSection(ProjectDependencies) = postProject
	EndProjectSection
EndProject
Project("{8BC9CEB8-8B4A-11D0-8D11-00A0C91BC942}") = "gnu", "gnu.vcproj", "{02438934-FA19-49DC-B5D1-2E9BA1CD0159}"
	ProjectSection(ProjectDependencies) = postProject
	EndProjectSection
EndProject
Project("{8BC9CEB8-8B4A-11D0-8D11-00A0C91BC942}") = "ltdl", "src\lib\ltdl\ltdl.vcproj", "{EB565D67-9950-4F5E-926F-63DAC8F7F314}"
	ProjectSection(ProjectDependencies) = postProject
	EndProjectSection
EndProject
Project("{8BC9CEB8-8B4A-11D0-8D11-00A0C91BC942}") = "main", "src\main\main.vcproj", "{650C3584-6F31-4CDE-9A4E-42BAAD4EA88E}"
	ProjectSection(ProjectDependencies) = postProject
	EndProjectSection
EndProject
Project("{8BC9CEB8-8B4A-11D0-8D11-00A0C91BC942}") = "md5", "src\lib\md5\md5.vcproj", "{2FBFAD1C-76EE-4EA4-82B5-204B2671A05D}"
	ProjectSection(ProjectDependencies) = postProject
	EndProjectSection
EndProject
Project("{8BC9CEB8-8B4A-11D0-8D11-00A0C91BC942}") = "punycode", "src\lib\punycode\punycode.vcproj", "{5F0D9CDB-E876-11E4-A90D-001D7DE6219A}"
	ProjectSection(ProjectDependencies) = postProject
	EndProjectSection
EndProject
Project("{8BC9CEB8-8B4A-11D0-8D11-00A0C91BC942}") = "parser3isapi", "src\targets\isapi\parser3isapi.vcproj", "{2E7BF3D9-C58C-4808-B786-494E7C5F9FE2}"
	ProjectSection(ProjectDependencies) = postProject
		{AE697E13-B86D-4408-B76D-EC54D2BEEFE0} = {AE697E13-B86D-4408-B76D-EC54D2BEEFE0}
		{09C0531B-9B8F-443A-A16B-BD9134712613} = {09C0531B-9B8F-443A-A16B-BD9134712613}
		{2FBFAD1C-76EE-4EA4-82B5-204B2671A05D} = {2FBFAD1C-76EE-4EA4-82B5-204B2671A05D}
		{5F0D9CDB-E876-11E4-A90D-001D7DE6219A} = {5F0D9CDB-E876-11E4-A90D-001D7DE6219A}
		{21593B27-7994-49DC-A4A7-993DD8849862} = {21593B27-7994-49DC-A4A7-993DD8849862}
		{B79D9D3D-DFD7-4D48-91AA-484378D5E76C} = {B79D9D3D-DFD7-4D48-91AA-484378D5E76C}
		{EB565D67-9950-4F5E-926F-63DAC8F7F314} = {EB565D67-9950-4F5E-926F-63DAC8F7F314}
		{650C3584-6F31-4CDE-9A4E-42BAAD4EA88E} = {650C3584-6F31-4CDE-9A4E-42BAAD4EA88E}
		{B95DF5BC-85D8-4B4C-AF72-113B99592D38} = {B95DF5BC-85D8-4B4C-AF72-113B99592D38}
		{71C9E3C6-47E8-4CB2-AF6F-784A49F5ABFD} = {71C9E3C6-47E8-4CB2-AF6F-784A49F5ABFD}
		{74F38AE8-E0CF-4684-B4EA-B0555F0B30AE} = {74F38AE8-E0CF-4684-B4EA-B0555F0B30AE}
		{9B5091F7-0ED5-4E5A-ABAF-430ED79D231A} = {9B5091F7-0ED5-4E5A-ABAF-430ED79D231A}
		{019EA036-519E-11E4-A984-001D7DE6219A} = {019EA036-519E-11E4-A984-001D7DE6219A}
	EndProjectSection
EndProject
Project("{8BC9CEB8-8B4A-11D0-8D11-00A0C91BC942}") = "types", "src\types\types.vcproj", "{09C0531B-9B8F-443A-A16B-BD9134712613}"
	ProjectSection(ProjectDependencies) = postProject
	EndProjectSection
EndProject
Project("{8BC9CEB8-8B4A-11D0-8D11-00A0C91BC942}") = "sdbm", "src\lib\sdbm\sdbm.vcproj", "{AE697E13-B86D-4408-B76D-EC54D2BEEFE0}"
	ProjectSection(ProjectDependencies) = postProject
	EndProjectSection
EndProject
Project("{8BC9CEB8-8B4A-11D0-8D11-00A0C91BC942}") = "gd", "src\lib\gd\gd.vcproj", "{B95DF5BC-85D8-4B4C-AF72-113B99592D38}"
	ProjectSection(ProjectDependencies) = postProject
	EndProjectSection
EndProject
Project("{8BC9CEB8-8B4A-11D0-8D11-00A0C91BC942}") = "smtp", "src\lib\smtp\smtp.vcproj", "{9B5091F7-0ED5-4E5A-ABAF-430ED79D231A}"
	ProjectSection(ProjectDependencies) = postProject
	EndProjectSection
EndProject
Project("{8BC9CEB8-8B4A-11D0-8D11-00A0C91BC942}") = "json", "src\lib\json\json.vcproj", "{21593B27-7994-49DC-A4A7-993DD8849862}"
	ProjectSection(ProjectDependencies) = postProject
	EndProjectSection
EndProject
Project("{8BC9CEB8-8B4A-11D0-8D11-00A0C91BC942}") = "memcached", "src\lib\memcached\memcached.vcproj", "{71C9E3C6-47E8-4CB2-AF6F-784A49F5ABFD}"
	ProjectSection(ProjectDependencies) = postProject
	EndProjectSection
EndProject
Project("{8BC9CEB8-8B4A-11D0-8D11-00A0C91BC942}") = "pcre_internal", "src\lib\pcre\pcre_internal.vcproj", "{019EA036-519E-11E4-A984-001D7DE6219A}"
	ProjectSection(ProjectDependencies) = postProject
	EndProjectSection
EndProject
Global
	GlobalSection(SolutionConfiguration) = preSolution
		Debug = Debug
		Release = Release
	EndGlobalSection
	GlobalSection(ProjectConfiguration) = postSolution
		{61FD304C-2949-4400-845F-0B27CD088547}.Debug.ActiveCfg = Debug|Win32
		{61FD304C-2949-4400-845F-0B27CD088547}.Release.ActiveCfg = Release|Win32
		{CB915CEB-DC1A-40F6-9CA9-3B5212C0497D}.Debug.ActiveCfg = Debug|Win32
		{CB915CEB-DC1A-40F6-9CA9-3B5212C0497D}.Release.ActiveCfg = Release|Win32
		{B79D9D3D-DFD7-4D48-91AA-484378D5E76C}.Debug.ActiveCfg = Debug|Win32
		{B79D9D3D-DFD7-4D48-91AA-484378D5E76C}.Debug.Build.0 = Debug|Win32
		{B79D9D3D-DFD7-4D48-91AA-484378D5E76C}.Release.ActiveCfg = Release|Win32
		{B79D9D3D-DFD7-4D48-91AA-484378D5E76C}.Release.Build.0 = Release|Win32
		{74F38AE8-E0CF-4684-B4EA-B0555F0B30AE}.Debug.ActiveCfg = Debug|Win32
		{74F38AE8-E0CF-4684-B4EA-B0555F0B30AE}.Debug.Build.0 = Debug|Win32
		{74F38AE8-E0CF-4684-B4EA-B0555F0B30AE}.Release.ActiveCfg = Release|Win32
		{74F38AE8-E0CF-4684-B4EA-B0555F0B30AE}.Release.Build.0 = Release|Win32
		{02438934-FA19-49DC-B5D1-2E9BA1CD0159}.Debug.ActiveCfg = Debug|Win32
		{02438934-FA19-49DC-B5D1-2E9BA1CD0159}.Release.ActiveCfg = Release|Win32
		{02438934-FA19-49DC-B5D1-2E9BA1CD0159}.Release.Build.0 = Release|Win32
		{EB565D67-9950-4F5E-926F-63DAC8F7F314}.Debug.ActiveCfg = Debug|Win32
		{EB565D67-9950-4F5E-926F-63DAC8F7F314}.Debug.Build.0 = Debug|Win32
		{EB565D67-9950-4F5E-926F-63DAC8F7F314}.Release.ActiveCfg = Release|Win32
		{EB565D67-9950-4F5E-926F-63DAC8F7F314}.Release.Build.0 = Release|Win32
		{650C3584-6F31-4CDE-9A4E-42BAAD4EA88E}.Debug.ActiveCfg = Debug|Win32
		{650C3584-6F31-4CDE-9A4E-42BAAD4EA88E}.Debug.Build.0 = Debug|Win32
		{650C3584-6F31-4CDE-9A4E-42BAAD4EA88E}.Release.ActiveCfg = Release|Win32
		{650C3584-6F31-4CDE-9A4E-42BAAD4EA88E}.Release.Build.0 = Release|Win32
		{2FBFAD1C-76EE-4EA4-82B5-204B2671A05D}.Debug.ActiveCfg = Debug|Win32
		{2FBFAD1C-76EE-4EA4-82B5-204B2671A05D}.Debug.Build.0 = Debug|Win32
		{2FBFAD1C-76EE-4EA4-82B5-204B2671A05D}.Release.ActiveCfg = Release|Win32
		{2FBFAD1C-76EE-4EA4-82B5-204B2671A05D}.Release.Build.0 = Release|Win32
		{5F0D9CDB-E876-11E4-A90D-001D7DE6219A}.Debug.ActiveCfg = Debug|Win32
		{5F0D9CDB-E876-11E4-A90D-001D7DE6219A}.Debug.Build.0 = Debug|Win32
		{5F0D9CDB-E876-11E4-A90D-001D7DE6219A}.Release.ActiveCfg = Release|Win32
		{5F0D9CDB-E876-11E4-A90D-001D7DE6219A}.Release.Build.0 = Release|Win32
		{33B3FF55-1BB6-4F22-A448-04065AC10AFB}.Debug.ActiveCfg = Debug|Win32
		{33B3FF55-1BB6-4F22-A448-04065AC10AFB}.Debug.Build.0 = Debug|Win32
		{33B3FF55-1BB6-4F22-A448-04065AC10AFB}.Release.ActiveCfg = Release|Win32
		{33B3FF55-1BB6-4F22-A448-04065AC10AFB}.Release.Build.0 = Release|Win32
		{2E7BF3D9-C58C-4808-B786-494E7C5F9FE2}.Debug.ActiveCfg = Debug|Win32
		{2E7BF3D9-C58C-4808-B786-494E7C5F9FE2}.Release.ActiveCfg = Release|Win32
		{09C0531B-9B8F-443A-A16B-BD9134712613}.Debug.ActiveCfg = Debug|Win32
		{09C0531B-9B8F-443A-A16B-BD9134712613}.Debug.Build.0 = Debug|Win32
		{09C0531B-9B8F-443A-A16B-BD9134712613}.Release.ActiveCfg = Release|Win32
		{09C0531B-9B8F-443A-A16B-BD9134712613}.Release.Build.0 = Release|Win32
		{AE697E13-B86D-4408-B76D-EC54D2BEEFE0}.Debug.ActiveCfg = Debug|Win32
		{AE697E13-B86D-4408-B76D-EC54D2BEEFE0}.Debug.Build.0 = Debug|Win32
		{AE697E13-B86D-4408-B76D-EC54D2BEEFE0}.Release.ActiveCfg = Release|Win32
		{AE697E13-B86D-4408-B76D-EC54D2BEEFE0}.Release.Build.0 = Release|Win32
		{B95DF5BC-85D8-4B4C-AF72-113B99592D38}.Debug.ActiveCfg = Debug|Win32
		{B95DF5BC-85D8-4B4C-AF72-113B99592D38}.Debug.Build.0 = Debug|Win32
		{B95DF5BC-85D8-4B4C-AF72-113B99592D38}.Release.ActiveCfg = Release|Win32
		{B95DF5BC-85D8-4B4C-AF72-113B99592D38}.Release.Build.0 = Release|Win32
		{9B5091F7-0ED5-4E5A-ABAF-430ED79D231A}.Debug.ActiveCfg = Debug|Win32
		{9B5091F7-0ED5-4E5A-ABAF-430ED79D231A}.Debug.Build.0 = Debug|Win32
		{9B5091F7-0ED5-4E5A-ABAF-430ED79D231A}.Release.ActiveCfg = Release|Win32
		{9B5091F7-0ED5-4E5A-ABAF-430ED79D231A}.Release.Build.0 = Release|Win32
		{21593B27-7994-49DC-A4A7-993DD8849862}.Debug.ActiveCfg = Debug|Win32
		{21593B27-7994-49DC-A4A7-993DD8849862}.Debug.Build.0 = Debug|Win32
		{21593B27-7994-49DC-A4A7-993DD8849862}.Release.ActiveCfg = Release|Win32
		{21593B27-7994-49DC-A4A7-993DD8849862}.Release.Build.0 = Release|Win32
		{71C9E3C6-47E8-4CB2-AF6F-784A49F5ABFD}.Debug.ActiveCfg = Debug|Win32
		{71C9E3C6-47E8-4CB2-AF6F-784A49F5ABFD}.Debug.Build.0 = Debug|Win32
		{71C9E3C6-47E8-4CB2-AF6F-784A49F5ABFD}.Release.ActiveCfg = Release|Win32
		{71C9E3C6-47E8-4CB2-AF6F-784A49F5ABFD}.Release.Build.0 = Release|Win32
		{019EA036-519E-11E4-A984-001D7DE6219A}.Debug.ActiveCfg = Debug|Win32
		{019EA036-519E-11E4-A984-001D7DE6219A}.Debug.Build.0 = Debug|Win32
		{019EA036-519E-11E4-A984-001D7DE6219A}.Release.ActiveCfg = Release|Win32
		{019EA036-519E-11E4-A984-001D7DE6219A}.Release.Build.0 = Release|Win32
	EndGlobalSection
	GlobalSection(ExtensibilityGlobals) = postSolution
	EndGlobalSection
	GlobalSection(ExtensibilityAddIns) = postSolution
	EndGlobalSection
EndGlobal
